
Microsoft Visual Studio Solution File, Format Version 12.00
# Visual Studio 15
VisualStudioVersion = 15.0.27703.1
MinimumVisualStudioVersion = 10.0.40219.1
Project("{FAE04EC0-301F-11D3-BF4B-00C04F79EFBC}") = "AgileTeamCollab", "AgileTeamCollab\AgileTeamCollab.csproj", "{2B41B32A-4679-40AA-8F85-565A7A20141D}"
EndProject
Project("{FAE04EC0-301F-11D3-BF4B-00C04F79EFBC}") = "AgileTeamCollabLibrary", "AgileTeamCollabLibrary\AgileTeamCollabLibrary.csproj", "{043A4CF9-871E-4B41-90E0-9707023500FA}"
EndProject
Project("{FAE04EC0-301F-11D3-BF4B-00C04F79EFBC}") = "AgileTeamCollabLibraryTests", "AgileTeamCollabLibraryTests2\AgileTeamCollabLibraryTests.csproj", "{B112CD9C-C405-4EF2-BB06-174A249BC460}"
EndProject
Global
	GlobalSection(SolutionConfigurationPlatforms) = preSolution
		Debug|Any CPU = Debug|Any CPU
		Release|Any CPU = Release|Any CPU
	EndGlobalSection
	GlobalSection(ProjectConfigurationPlatforms) = postSolution
		{2B41B32A-4679-40AA-8F85-565A7A20141D}.Debug|Any CPU.ActiveCfg = Debug|Any CPU
		{2B41B32A-4679-40AA-8F85-565A7A20141D}.Debug|Any CPU.Build.0 = Debug|Any CPU
		{2B41B32A-4679-40AA-8F85-565A7A20141D}.Release|Any CPU.ActiveCfg = Release|Any CPU
		{2B41B32A-4679-40AA-8F85-565A7A20141D}.Release|Any CPU.Build.0 = Release|Any CPU
		{043A4CF9-871E-4B41-90E0-9707023500FA}.Debug|Any CPU.ActiveCfg = Debug|Any CPU
		{043A4CF9-871E-4B41-90E0-9707023500FA}.Debug|Any CPU.Build.0 = Debug|Any CPU
		{043A4CF9-871E-4B41-90E0-9707023500FA}.Release|Any CPU.ActiveCfg = Release|Any CPU
		{043A4CF9-871E-4B41-90E0-9707023500FA}.Release|Any CPU.Build.0 = Release|Any CPU
		{B112CD9C-C405-4EF2-BB06-174A249BC460}.Debug|Any CPU.ActiveCfg = Debug|Any CPU
		{B112CD9C-C405-4EF2-BB06-174A249BC460}.Debug|Any CPU.Build.0 = Debug|Any CPU
		{B112CD9C-C405-4EF2-BB06-174A249BC460}.Release|Any CPU.ActiveCfg = Release|Any CPU
		{B112CD9C-C405-4EF2-BB06-174A249BC460}.Release|Any CPU.Build.0 = Release|Any CPU
	EndGlobalSection
	GlobalSection(SolutionProperties) = preSolution
		HideSolutionNode = FALSE
	EndGlobalSection
	GlobalSection(ExtensibilityGlobals) = postSolution
		SolutionGuid = {DEB44C3C-C7F1-4282-8F00-AD2EDB37D943}
	EndGlobalSection
EndGlobal
